
Microsoft Visual Studio Solution File, Format Version 12.00
# Visual Studio Version 17
VisualStudioVersion = 17.13.35931.197 d17.13
MinimumVisualStudioVersion = 10.0.40219.1
Project("{54A90642-561A-4BB1-A94E-469ADEE60C69}") = "Vidly", "Vidly.esproj", "{B3B8377C-3410-2506-0693-3161066A3CCE}"
EndProject
Global
	GlobalSection(SolutionConfigurationPlatforms) = preSolution
		Debug|Any CPU = Debug|Any CPU
		Release|Any CPU = Release|Any CPU
	EndGlobalSection
	GlobalSection(ProjectConfigurationPlatforms) = postSolution
		{B3B8377C-3410-2506-0693-3161066A3CCE}.Debug|Any CPU.ActiveCfg = Debug|Any CPU
		{B3B8377C-3410-2506-0693-3161066A3CCE}.Debug|Any CPU.Build.0 = Debug|Any CPU
		{B3B8377C-3410-2506-0693-3161066A3CCE}.Debug|Any CPU.Deploy.0 = Debug|Any CPU
		{B3B8377C-3410-2506-0693-3161066A3CCE}.Release|Any CPU.ActiveCfg = Release|Any CPU
		{B3B8377C-3410-2506-0693-3161066A3CCE}.Release|Any CPU.Build.0 = Release|Any CPU
		{B3B8377C-3410-2506-0693-3161066A3CCE}.Release|Any CPU.Deploy.0 = Release|Any CPU
	EndGlobalSection
	GlobalSection(SolutionProperties) = preSolution
		HideSolutionNode = FALSE
	EndGlobalSection
	GlobalSection(ExtensibilityGlobals) = postSolution
		SolutionGuid = {89B5B1DE-F5B2-4E6E-AD60-1DF0DD6EF992}
	EndGlobalSection
EndGlobal
